
Microsoft Visual Studio Solution File, Format Version 12.00
# Visual Studio 2012
Project("{FAE04EC0-301F-11D3-BF4B-00C04F79EFBC}") = "SimpleBloodQuiz", "SimpleBloodQuiz\SimpleBloodQuiz.csproj", "{E568335F-A99E-47CB-9415-AFBDC2C6F7DB}"
EndProject
Global
	GlobalSection(SolutionConfigurationPlatforms) = preSolution
		Debug|x86 = Debug|x86
		Release|x86 = Release|x86
	EndGlobalSection
	GlobalSection(ProjectConfigurationPlatforms) = postSolution
		{E568335F-A99E-47CB-9415-AFBDC2C6F7DB}.Debug|x86.ActiveCfg = Debug|x86
		{E568335F-A99E-47CB-9415-AFBDC2C6F7DB}.Debug|x86.Build.0 = Debug|x86
		{E568335F-A99E-47CB-9415-AFBDC2C6F7DB}.Release|x86.ActiveCfg = Release|x86
		{E568335F-A99E-47CB-9415-AFBDC2C6F7DB}.Release|x86.Build.0 = Release|x86
	EndGlobalSection
EndGlobal
